
Microsoft Visual Studio Solution File, Format Version 12.00
# Visual Studio 2013
VisualStudioVersion = 12.0.30723.0
MinimumVisualStudioVersion = 10.0.40219.1
Project("{2150E333-8FDC-42A3-9474-1A3956D46DE8}") = "Domain", "Domain", "{FE7D9B4B-670A-4B6A-9771-E75D077BE5BE}"
EndProject
Project("{2150E333-8FDC-42A3-9474-1A3956D46DE8}") = "Web", "Web", "{5CAB9D69-81CE-4563-8EE3-923768DEA45E}"
EndProject
Project("{FAE04EC0-301F-11D3-BF4B-00C04F79EFBC}") = "Yekzen.Web.Ambar", "Yekzen.Web.Ambar\Yekzen.Web.Ambar.csproj", "{7EC80181-F066-4887-961D-BC9CD88C08D5}"
EndProject
Project("{FAE04EC0-301F-11D3-BF4B-00C04F79EFBC}") = "Yekzen.Web.Ambar.Tests", "Yekzen.Web.Ambar.Tests\Yekzen.Web.Ambar.Tests.csproj", "{5595A715-298B-44DB-BB7C-74CFB7C1C4D7}"
EndProject
Project("{FAE04EC0-301F-11D3-BF4B-00C04F79EFBC}") = "Yekzen.Domain.Metadata", "Yekzen.Domain.Metadata\Yekzen.Domain.Metadata.csproj", "{62735391-0AB3-41C5-8757-17BC086A6EBA}"
EndProject
Project("{2150E333-8FDC-42A3-9474-1A3956D46DE8}") = "Data", "Data", "{9E26F3A4-819C-4AC7-9DA9-4B0115081C1D}"
EndProject
Project("{FAE04EC0-301F-11D3-BF4B-00C04F79EFBC}") = "Yekzen.Data.Memory", "Yekzen.Data.Memory\Yekzen.Data.Memory.csproj", "{D54372F5-45B0-4108-B63B-CA5932BC85BC}"
EndProject
Project("{2150E333-8FDC-42A3-9474-1A3956D46DE8}") = "Core", "Core", "{C9A56BE8-0567-4335-98C0-95B5A707DDDD}"
EndProject
Project("{FAE04EC0-301F-11D3-BF4B-00C04F79EFBC}") = "Yekzen.Core", "Yekzen.Core\Yekzen.Core.csproj", "{B9D3555F-7659-47CD-A054-D396211E7E9D}"
EndProject
Project("{FAE04EC0-301F-11D3-BF4B-00C04F79EFBC}") = "Yekzen.Core.Test", "Yekzen.Core.Test\Yekzen.Core.Test.csproj", "{EC5C1D9C-637E-4B54-9378-B2D5D3930011}"
EndProject
Project("{FAE04EC0-301F-11D3-BF4B-00C04F79EFBC}") = "Yekzen.Data", "Yekzen.Data\Yekzen.Data.csproj", "{852BA0A2-2A9A-4C03-835A-93761B141932}"
EndProject
Project("{FAE04EC0-301F-11D3-BF4B-00C04F79EFBC}") = "Yekzen.Data.Test", "Yekzen.Data.Test\Yekzen.Data.Test.csproj", "{E7C3C8ED-2DC1-44D0-9843-51856CD931D0}"
EndProject
Project("{FAE04EC0-301F-11D3-BF4B-00C04F79EFBC}") = "Yekzen.Data.RavenDb", "Yekzen.Data.Ravendb\Yekzen.Data.RavenDb.csproj", "{431A566F-EAF2-4149-9B95-1323ADC489B0}"
EndProject
Project("{FAE04EC0-301F-11D3-BF4B-00C04F79EFBC}") = "Yekzen.Data.RavenDb.Test", "Yekzen.Data.RavenDb.Test\Yekzen.Data.RavenDb.Test.csproj", "{C62D5009-50FC-4EB9-BD37-9A61424F2F07}"
EndProject
Project("{FAE04EC0-301F-11D3-BF4B-00C04F79EFBC}") = "Yekzen.Security", "Yekzen.Security\Yekzen.Security.csproj", "{DB14430E-62D7-4583-ABC5-A1C60E85F18F}"
EndProject
Global
	GlobalSection(SolutionConfigurationPlatforms) = preSolution
		Debug|Any CPU = Debug|Any CPU
		Release|Any CPU = Release|Any CPU
	EndGlobalSection
	GlobalSection(ProjectConfigurationPlatforms) = postSolution
		{7EC80181-F066-4887-961D-BC9CD88C08D5}.Debug|Any CPU.ActiveCfg = Debug|Any CPU
		{7EC80181-F066-4887-961D-BC9CD88C08D5}.Debug|Any CPU.Build.0 = Debug|Any CPU
		{7EC80181-F066-4887-961D-BC9CD88C08D5}.Release|Any CPU.ActiveCfg = Release|Any CPU
		{7EC80181-F066-4887-961D-BC9CD88C08D5}.Release|Any CPU.Build.0 = Release|Any CPU
		{5595A715-298B-44DB-BB7C-74CFB7C1C4D7}.Debug|Any CPU.ActiveCfg = Debug|Any CPU
		{5595A715-298B-44DB-BB7C-74CFB7C1C4D7}.Debug|Any CPU.Build.0 = Debug|Any CPU
		{5595A715-298B-44DB-BB7C-74CFB7C1C4D7}.Release|Any CPU.ActiveCfg = Release|Any CPU
		{5595A715-298B-44DB-BB7C-74CFB7C1C4D7}.Release|Any CPU.Build.0 = Release|Any CPU
		{62735391-0AB3-41C5-8757-17BC086A6EBA}.Debug|Any CPU.ActiveCfg = Debug|Any CPU
		{62735391-0AB3-41C5-8757-17BC086A6EBA}.Debug|Any CPU.Build.0 = Debug|Any CPU
		{62735391-0AB3-41C5-8757-17BC086A6EBA}.Release|Any CPU.ActiveCfg = Release|Any CPU
		{62735391-0AB3-41C5-8757-17BC086A6EBA}.Release|Any CPU.Build.0 = Release|Any CPU
		{D54372F5-45B0-4108-B63B-CA5932BC85BC}.Debug|Any CPU.ActiveCfg = Debug|Any CPU
		{D54372F5-45B0-4108-B63B-CA5932BC85BC}.Debug|Any CPU.Build.0 = Debug|Any CPU
		{D54372F5-45B0-4108-B63B-CA5932BC85BC}.Release|Any CPU.ActiveCfg = Release|Any CPU
		{D54372F5-45B0-4108-B63B-CA5932BC85BC}.Release|Any CPU.Build.0 = Release|Any CPU
		{B9D3555F-7659-47CD-A054-D396211E7E9D}.Debug|Any CPU.ActiveCfg = Debug|Any CPU
		{B9D3555F-7659-47CD-A054-D396211E7E9D}.Debug|Any CPU.Build.0 = Debug|Any CPU
		{B9D3555F-7659-47CD-A054-D396211E7E9D}.Release|Any CPU.ActiveCfg = Release|Any CPU
		{B9D3555F-7659-47CD-A054-D396211E7E9D}.Release|Any CPU.Build.0 = Release|Any CPU
		{EC5C1D9C-637E-4B54-9378-B2D5D3930011}.Debug|Any CPU.ActiveCfg = Debug|Any CPU
		{EC5C1D9C-637E-4B54-9378-B2D5D3930011}.Debug|Any CPU.Build.0 = Debug|Any CPU
		{EC5C1D9C-637E-4B54-9378-B2D5D3930011}.Release|Any CPU.ActiveCfg = Release|Any CPU
		{EC5C1D9C-637E-4B54-9378-B2D5D3930011}.Release|Any CPU.Build.0 = Release|Any CPU
		{852BA0A2-2A9A-4C03-835A-93761B141932}.Debug|Any CPU.ActiveCfg = Debug|Any CPU
		{852BA0A2-2A9A-4C03-835A-93761B141932}.Debug|Any CPU.Build.0 = Debug|Any CPU
		{852BA0A2-2A9A-4C03-835A-93761B141932}.Release|Any CPU.ActiveCfg = Release|Any CPU
		{852BA0A2-2A9A-4C03-835A-93761B141932}.Release|Any CPU.Build.0 = Release|Any CPU
		{E7C3C8ED-2DC1-44D0-9843-51856CD931D0}.Debug|Any CPU.ActiveCfg = Debug|Any CPU
		{E7C3C8ED-2DC1-44D0-9843-51856CD931D0}.Debug|Any CPU.Build.0 = Debug|Any CPU
		{E7C3C8ED-2DC1-44D0-9843-51856CD931D0}.Release|Any CPU.ActiveCfg = Release|Any CPU
		{E7C3C8ED-2DC1-44D0-9843-51856CD931D0}.Release|Any CPU.Build.0 = Release|Any CPU
		{431A566F-EAF2-4149-9B95-1323ADC489B0}.Debug|Any CPU.ActiveCfg = Debug|Any CPU
		{431A566F-EAF2-4149-9B95-1323ADC489B0}.Debug|Any CPU.Build.0 = Debug|Any CPU
		{431A566F-EAF2-4149-9B95-1323ADC489B0}.Release|Any CPU.ActiveCfg = Release|Any CPU
		{431A566F-EAF2-4149-9B95-1323ADC489B0}.Release|Any CPU.Build.0 = Release|Any CPU
		{C62D5009-50FC-4EB9-BD37-9A61424F2F07}.Debug|Any CPU.ActiveCfg = Debug|Any CPU
		{C62D5009-50FC-4EB9-BD37-9A61424F2F07}.Debug|Any CPU.Build.0 = Debug|Any CPU
		{C62D5009-50FC-4EB9-BD37-9A61424F2F07}.Release|Any CPU.ActiveCfg = Release|Any CPU
		{C62D5009-50FC-4EB9-BD37-9A61424F2F07}.Release|Any CPU.Build.0 = Release|Any CPU
		{DB14430E-62D7-4583-ABC5-A1C60E85F18F}.Debug|Any CPU.ActiveCfg = Debug|Any CPU
		{DB14430E-62D7-4583-ABC5-A1C60E85F18F}.Debug|Any CPU.Build.0 = Debug|Any CPU
		{DB14430E-62D7-4583-ABC5-A1C60E85F18F}.Release|Any CPU.ActiveCfg = Release|Any CPU
		{DB14430E-62D7-4583-ABC5-A1C60E85F18F}.Release|Any CPU.Build.0 = Release|Any CPU
	EndGlobalSection
	GlobalSection(SolutionProperties) = preSolution
		HideSolutionNode = FALSE
	EndGlobalSection
	GlobalSection(NestedProjects) = preSolution
		{7EC80181-F066-4887-961D-BC9CD88C08D5} = {5CAB9D69-81CE-4563-8EE3-923768DEA45E}
		{5595A715-298B-44DB-BB7C-74CFB7C1C4D7} = {5CAB9D69-81CE-4563-8EE3-923768DEA45E}
		{62735391-0AB3-41C5-8757-17BC086A6EBA} = {FE7D9B4B-670A-4B6A-9771-E75D077BE5BE}
		{D54372F5-45B0-4108-B63B-CA5932BC85BC} = {9E26F3A4-819C-4AC7-9DA9-4B0115081C1D}
		{B9D3555F-7659-47CD-A054-D396211E7E9D} = {C9A56BE8-0567-4335-98C0-95B5A707DDDD}
		{EC5C1D9C-637E-4B54-9378-B2D5D3930011} = {C9A56BE8-0567-4335-98C0-95B5A707DDDD}
		{852BA0A2-2A9A-4C03-835A-93761B141932} = {9E26F3A4-819C-4AC7-9DA9-4B0115081C1D}
		{E7C3C8ED-2DC1-44D0-9843-51856CD931D0} = {9E26F3A4-819C-4AC7-9DA9-4B0115081C1D}
		{431A566F-EAF2-4149-9B95-1323ADC489B0} = {9E26F3A4-819C-4AC7-9DA9-4B0115081C1D}
		{C62D5009-50FC-4EB9-BD37-9A61424F2F07} = {9E26F3A4-819C-4AC7-9DA9-4B0115081C1D}
		{DB14430E-62D7-4583-ABC5-A1C60E85F18F} = {C9A56BE8-0567-4335-98C0-95B5A707DDDD}
	EndGlobalSection
EndGlobal
