
Microsoft Visual Studio Solution File, Format Version 12.00
# Visual Studio 2013
VisualStudioVersion = 12.0.30723.0
MinimumVisualStudioVersion = 10.0.40219.1
Project("{2150E333-8FDC-42A3-9474-1A3956D46DE8}") = "Domain", "Domain", "{FE7D9B4B-670A-4B6A-9771-E75D077BE5BE}"
EndProject
Project("{2150E333-8FDC-42A3-9474-1A3956D46DE8}") = "Web", "Web", "{5CAB9D69-81CE-4563-8EE3-923768DEA45E}"
EndProject
Project("{FAE04EC0-301F-11D3-BF4B-00C04F79EFBC}") = "Yekzen.Web.Ambar", "Yekzen.Web.Ambar\Yekzen.Web.Ambar.csproj", "{7EC80181-F066-4887-961D-BC9CD88C08D5}"
EndProject
Project("{FAE04EC0-301F-11D3-BF4B-00C04F79EFBC}") = "Yekzen.Web.Ambar.Tests", "Yekzen.Web.Ambar.Tests\Yekzen.Web.Ambar.Tests.csproj", "{5595A715-298B-44DB-BB7C-74CFB7C1C4D7}"
EndProject
Project("{FAE04EC0-301F-11D3-BF4B-00C04F79EFBC}") = "Yekzen.Domain.Metadata", "Yekzen.Domain.Metadata\Yekzen.Domain.Metadata.csproj", "{62735391-0AB3-41C5-8757-17BC086A6EBA}"
EndProject
Global
	GlobalSection(SolutionConfigurationPlatforms) = preSolution
		Debug|Any CPU = Debug|Any CPU
		Release|Any CPU = Release|Any CPU
	EndGlobalSection
	GlobalSection(ProjectConfigurationPlatforms) = postSolution
		{7EC80181-F066-4887-961D-BC9CD88C08D5}.Debug|Any CPU.ActiveCfg = Debug|Any CPU
		{7EC80181-F066-4887-961D-BC9CD88C08D5}.Debug|Any CPU.Build.0 = Debug|Any CPU
		{7EC80181-F066-4887-961D-BC9CD88C08D5}.Release|Any CPU.ActiveCfg = Release|Any CPU
		{7EC80181-F066-4887-961D-BC9CD88C08D5}.Release|Any CPU.Build.0 = Release|Any CPU
		{5595A715-298B-44DB-BB7C-74CFB7C1C4D7}.Debug|Any CPU.ActiveCfg = Debug|Any CPU
		{5595A715-298B-44DB-BB7C-74CFB7C1C4D7}.Debug|Any CPU.Build.0 = Debug|Any CPU
		{5595A715-298B-44DB-BB7C-74CFB7C1C4D7}.Release|Any CPU.ActiveCfg = Release|Any CPU
		{5595A715-298B-44DB-BB7C-74CFB7C1C4D7}.Release|Any CPU.Build.0 = Release|Any CPU
		{62735391-0AB3-41C5-8757-17BC086A6EBA}.Debug|Any CPU.ActiveCfg = Debug|Any CPU
		{62735391-0AB3-41C5-8757-17BC086A6EBA}.Debug|Any CPU.Build.0 = Debug|Any CPU
		{62735391-0AB3-41C5-8757-17BC086A6EBA}.Release|Any CPU.ActiveCfg = Release|Any CPU
		{62735391-0AB3-41C5-8757-17BC086A6EBA}.Release|Any CPU.Build.0 = Release|Any CPU
	EndGlobalSection
	GlobalSection(SolutionProperties) = preSolution
		HideSolutionNode = FALSE
	EndGlobalSection
	GlobalSection(NestedProjects) = preSolution
		{7EC80181-F066-4887-961D-BC9CD88C08D5} = {5CAB9D69-81CE-4563-8EE3-923768DEA45E}
		{5595A715-298B-44DB-BB7C-74CFB7C1C4D7} = {5CAB9D69-81CE-4563-8EE3-923768DEA45E}
		{62735391-0AB3-41C5-8757-17BC086A6EBA} = {FE7D9B4B-670A-4B6A-9771-E75D077BE5BE}
	EndGlobalSection
EndGlobal
